
Microsoft Visual Studio Solution File, Format Version 12.00
# Visual Studio Version 17
VisualStudioVersion = 17.0.31903.59
MinimumVisualStudioVersion = 10.0.40219.1
Project("{9A19103F-16F7-4668-BE54-9A1E7A4F7556}") = "Programando.CSharp.Demos", "Programando.CSharp.Demos\Programando.CSharp.Demos.csproj", "{D569164E-9E4B-4F57-97A3-5AF182FAF502}"
EndProject
Project("{9A19103F-16F7-4668-BE54-9A1E7A4F7556}") = "Programando.CSharp.Ejercicios.ConsoleApp1", "Programando.CSharp.Ejercicios.ConsoleApp1\Programando.CSharp.Ejercicios.ConsoleApp1.csproj", "{B7C6CECF-6049-4A9E-BB90-2D5C740E1FBC}"
EndProject
Project("{FAE04EC0-301F-11D3-BF4B-00C04F79EFBC}") = "Programando.CSharp.ConsolaAppEF", "Programando.CSharp.ConsolaAppEF\Programando.CSharp.ConsolaAppEF.csproj", "{F6F8E788-FB35-40A1-BE1C-9F8CB61CD732}"
EndProject
Global
	GlobalSection(SolutionConfigurationPlatforms) = preSolution
		Debug|Any CPU = Debug|Any CPU
		Release|Any CPU = Release|Any CPU
	EndGlobalSection
	GlobalSection(ProjectConfigurationPlatforms) = postSolution
		{D569164E-9E4B-4F57-97A3-5AF182FAF502}.Debug|Any CPU.ActiveCfg = Debug|Any CPU
		{D569164E-9E4B-4F57-97A3-5AF182FAF502}.Debug|Any CPU.Build.0 = Debug|Any CPU
		{D569164E-9E4B-4F57-97A3-5AF182FAF502}.Release|Any CPU.ActiveCfg = Release|Any CPU
		{D569164E-9E4B-4F57-97A3-5AF182FAF502}.Release|Any CPU.Build.0 = Release|Any CPU
		{B7C6CECF-6049-4A9E-BB90-2D5C740E1FBC}.Debug|Any CPU.ActiveCfg = Debug|Any CPU
		{B7C6CECF-6049-4A9E-BB90-2D5C740E1FBC}.Debug|Any CPU.Build.0 = Debug|Any CPU
		{B7C6CECF-6049-4A9E-BB90-2D5C740E1FBC}.Release|Any CPU.ActiveCfg = Release|Any CPU
		{B7C6CECF-6049-4A9E-BB90-2D5C740E1FBC}.Release|Any CPU.Build.0 = Release|Any CPU
		{F6F8E788-FB35-40A1-BE1C-9F8CB61CD732}.Debug|Any CPU.ActiveCfg = Debug|Any CPU
		{F6F8E788-FB35-40A1-BE1C-9F8CB61CD732}.Debug|Any CPU.Build.0 = Debug|Any CPU
		{F6F8E788-FB35-40A1-BE1C-9F8CB61CD732}.Release|Any CPU.ActiveCfg = Release|Any CPU
		{F6F8E788-FB35-40A1-BE1C-9F8CB61CD732}.Release|Any CPU.Build.0 = Release|Any CPU
	EndGlobalSection
	GlobalSection(SolutionProperties) = preSolution
		HideSolutionNode = FALSE
	EndGlobalSection
	GlobalSection(ExtensibilityGlobals) = postSolution
		SolutionGuid = {F296BD0A-EAFE-4126-AF7D-A541C3A2B3A8}
	EndGlobalSection
EndGlobal
