
Microsoft Visual Studio Solution File, Format Version 12.00
# Visual Studio Version 17
VisualStudioVersion = 17.0.31903.59
MinimumVisualStudioVersion = 10.0.40219.1
Project("{FAE04EC0-301F-11D3-BF4B-00C04F79EFBC}") = "Programando.CSharp.ConsoleApp1", "Programando.CSharp.ConsoleApp1\Programando.CSharp.ConsoleApp1.csproj", "{D1CA3C92-A95F-4D02-99AF-BFD657BEC14B}"
EndProject
Project("{FAE04EC0-301F-11D3-BF4B-00C04F79EFBC}") = "Programando.CSharp.Demos", "Programando.CSharp.Demos\Programando.CSharp.Demos.csproj", "{D569164E-9E4B-4F57-97A3-5AF182FAF502}"
EndProject
Global
	GlobalSection(SolutionConfigurationPlatforms) = preSolution
		Debug|Any CPU = Debug|Any CPU
		Release|Any CPU = Release|Any CPU
	EndGlobalSection
	GlobalSection(SolutionProperties) = preSolution
		HideSolutionNode = FALSE
	EndGlobalSection
	GlobalSection(ProjectConfigurationPlatforms) = postSolution
		{D1CA3C92-A95F-4D02-99AF-BFD657BEC14B}.Debug|Any CPU.ActiveCfg = Debug|Any CPU
		{D1CA3C92-A95F-4D02-99AF-BFD657BEC14B}.Debug|Any CPU.Build.0 = Debug|Any CPU
		{D1CA3C92-A95F-4D02-99AF-BFD657BEC14B}.Release|Any CPU.ActiveCfg = Release|Any CPU
		{D1CA3C92-A95F-4D02-99AF-BFD657BEC14B}.Release|Any CPU.Build.0 = Release|Any CPU
		{D569164E-9E4B-4F57-97A3-5AF182FAF502}.Debug|Any CPU.ActiveCfg = Debug|Any CPU
		{D569164E-9E4B-4F57-97A3-5AF182FAF502}.Debug|Any CPU.Build.0 = Debug|Any CPU
		{D569164E-9E4B-4F57-97A3-5AF182FAF502}.Release|Any CPU.ActiveCfg = Release|Any CPU
		{D569164E-9E4B-4F57-97A3-5AF182FAF502}.Release|Any CPU.Build.0 = Release|Any CPU
	EndGlobalSection
EndGlobal
